
Microsoft Visual Studio Solution File, Format Version 12.00
Project("{FAE04EC0-301F-11D3-BF4B-00C04F79EFBC}") = "pjtUsernameChecker", "pjtUsernameChecker\pjtUsernameChecker.csproj", "{83AA4188-DF46-4489-93A0-439DB4844877}"
EndProject
Project("{FAE04EC0-301F-11D3-BF4B-00C04F79EFBC}") = "TestUsernameChecker", "TestUsernameChecker\TestUsernameChecker.csproj", "{3EA01A5F-5AF3-4AE0-9942-C22D8526F2B4}"
EndProject
Global
	GlobalSection(SolutionConfigurationPlatforms) = preSolution
		Debug|Any CPU = Debug|Any CPU
		Release|Any CPU = Release|Any CPU
	EndGlobalSection
	GlobalSection(ProjectConfigurationPlatforms) = postSolution
		{83AA4188-DF46-4489-93A0-439DB4844877}.Debug|Any CPU.ActiveCfg = Debug|Any CPU
		{83AA4188-DF46-4489-93A0-439DB4844877}.Debug|Any CPU.Build.0 = Debug|Any CPU
		{83AA4188-DF46-4489-93A0-439DB4844877}.Release|Any CPU.ActiveCfg = Release|Any CPU
		{83AA4188-DF46-4489-93A0-439DB4844877}.Release|Any CPU.Build.0 = Release|Any CPU
		{3EA01A5F-5AF3-4AE0-9942-C22D8526F2B4}.Debug|Any CPU.ActiveCfg = Debug|Any CPU
		{3EA01A5F-5AF3-4AE0-9942-C22D8526F2B4}.Debug|Any CPU.Build.0 = Debug|Any CPU
		{3EA01A5F-5AF3-4AE0-9942-C22D8526F2B4}.Release|Any CPU.ActiveCfg = Release|Any CPU
		{3EA01A5F-5AF3-4AE0-9942-C22D8526F2B4}.Release|Any CPU.Build.0 = Release|Any CPU
	EndGlobalSection
EndGlobal
